
Microsoft Visual Studio Solution File, Format Version 12.00
# Visual Studio Version 17
VisualStudioVersion = 17.8.34601.278
MinimumVisualStudioVersion = 10.0.40219.1
Project("{FAE04EC0-301F-11D3-BF4B-00C04F79EFBC}") = "Generics-Practice", "Generics-Practice\Generics-Practice.csproj", "{13683E32-8D77-4CD0-9A44-3D5381773C87}"
EndProject
Global
	GlobalSection(SolutionConfigurationPlatforms) = preSolution
		Debug|Any CPU = Debug|Any CPU
		Release|Any CPU = Release|Any CPU
	EndGlobalSection
	GlobalSection(ProjectConfigurationPlatforms) = postSolution
		{13683E32-8D77-4CD0-9A44-3D5381773C87}.Debug|Any CPU.ActiveCfg = Debug|Any CPU
		{13683E32-8D77-4CD0-9A44-3D5381773C87}.Debug|Any CPU.Build.0 = Debug|Any CPU
		{13683E32-8D77-4CD0-9A44-3D5381773C87}.Release|Any CPU.ActiveCfg = Release|Any CPU
		{13683E32-8D77-4CD0-9A44-3D5381773C87}.Release|Any CPU.Build.0 = Release|Any CPU
	EndGlobalSection
	GlobalSection(SolutionProperties) = preSolution
		HideSolutionNode = FALSE
	EndGlobalSection
	GlobalSection(ExtensibilityGlobals) = postSolution
		SolutionGuid = {EA25CBFD-6F40-491D-A1F9-87F223A6FF9C}
	EndGlobalSection
EndGlobal
